
Microsoft Visual Studio Solution File, Format Version 12.00
# Visual Studio 15
VisualStudioVersion = 15.0.27703.2047
MinimumVisualStudioVersion = 10.0.40219.1
Project("{FAE04EC0-301F-11D3-BF4B-00C04F79EFBC}") = "ss2_hacking", "ss2_hacking\ss2_hacking.csproj", "{32AEB73E-163F-492E-801E-5FA93A4726D5}"
EndProject
Global
	GlobalSection(SolutionConfigurationPlatforms) = preSolution
		Debug|Any CPU = Debug|Any CPU
		Release|Any CPU = Release|Any CPU
	EndGlobalSection
	GlobalSection(ProjectConfigurationPlatforms) = postSolution
		{32AEB73E-163F-492E-801E-5FA93A4726D5}.Debug|Any CPU.ActiveCfg = Debug|Any CPU
		{32AEB73E-163F-492E-801E-5FA93A4726D5}.Debug|Any CPU.Build.0 = Debug|Any CPU
		{32AEB73E-163F-492E-801E-5FA93A4726D5}.Release|Any CPU.ActiveCfg = Release|Any CPU
		{32AEB73E-163F-492E-801E-5FA93A4726D5}.Release|Any CPU.Build.0 = Release|Any CPU
	EndGlobalSection
	GlobalSection(SolutionProperties) = preSolution
		HideSolutionNode = FALSE
	EndGlobalSection
	GlobalSection(ExtensibilityGlobals) = postSolution
		SolutionGuid = {A08A2F55-DC83-418E-8474-E9B5717C6128}
	EndGlobalSection
EndGlobal
